
Microsoft Visual Studio Solution File, Format Version 12.00
# Visual Studio Version 17
VisualStudioVersion = 17.0.31903.59
MinimumVisualStudioVersion = 10.0.40219.1
Project("{FAE04EC0-301F-11D3-BF4B-00C04F79EFBC}") = "API", "API\API.csproj", "{C4274245-CD6B-417A-86DB-40F9CAF8BA76}"
EndProject
Project("{FAE04EC0-301F-11D3-BF4B-00C04F79EFBC}") = "Application", "Application\Application.csproj", "{F23C988E-DA19-4315-9010-9A5CD245EC69}"
EndProject
Project("{FAE04EC0-301F-11D3-BF4B-00C04F79EFBC}") = "Domain", "Domain\Domain.csproj", "{F40783ED-9E43-4AAE-ABFF-37006E821186}"
EndProject
Project("{FAE04EC0-301F-11D3-BF4B-00C04F79EFBC}") = "Persistence", "Persistence\Persistence.csproj", "{BAD9A5A1-CC75-4D11-AEAE-8296E377803F}"
EndProject
Global
	GlobalSection(SolutionConfigurationPlatforms) = preSolution
		Debug|Any CPU = Debug|Any CPU
		Release|Any CPU = Release|Any CPU
	EndGlobalSection
	GlobalSection(SolutionProperties) = preSolution
		HideSolutionNode = FALSE
	EndGlobalSection
	GlobalSection(ProjectConfigurationPlatforms) = postSolution
		{C4274245-CD6B-417A-86DB-40F9CAF8BA76}.Debug|Any CPU.ActiveCfg = Debug|Any CPU
		{C4274245-CD6B-417A-86DB-40F9CAF8BA76}.Debug|Any CPU.Build.0 = Debug|Any CPU
		{C4274245-CD6B-417A-86DB-40F9CAF8BA76}.Release|Any CPU.ActiveCfg = Release|Any CPU
		{C4274245-CD6B-417A-86DB-40F9CAF8BA76}.Release|Any CPU.Build.0 = Release|Any CPU
		{F23C988E-DA19-4315-9010-9A5CD245EC69}.Debug|Any CPU.ActiveCfg = Debug|Any CPU
		{F23C988E-DA19-4315-9010-9A5CD245EC69}.Debug|Any CPU.Build.0 = Debug|Any CPU
		{F23C988E-DA19-4315-9010-9A5CD245EC69}.Release|Any CPU.ActiveCfg = Release|Any CPU
		{F23C988E-DA19-4315-9010-9A5CD245EC69}.Release|Any CPU.Build.0 = Release|Any CPU
		{F40783ED-9E43-4AAE-ABFF-37006E821186}.Debug|Any CPU.ActiveCfg = Debug|Any CPU
		{F40783ED-9E43-4AAE-ABFF-37006E821186}.Debug|Any CPU.Build.0 = Debug|Any CPU
		{F40783ED-9E43-4AAE-ABFF-37006E821186}.Release|Any CPU.ActiveCfg = Release|Any CPU
		{F40783ED-9E43-4AAE-ABFF-37006E821186}.Release|Any CPU.Build.0 = Release|Any CPU
		{BAD9A5A1-CC75-4D11-AEAE-8296E377803F}.Debug|Any CPU.ActiveCfg = Debug|Any CPU
		{BAD9A5A1-CC75-4D11-AEAE-8296E377803F}.Debug|Any CPU.Build.0 = Debug|Any CPU
		{BAD9A5A1-CC75-4D11-AEAE-8296E377803F}.Release|Any CPU.ActiveCfg = Release|Any CPU
		{BAD9A5A1-CC75-4D11-AEAE-8296E377803F}.Release|Any CPU.Build.0 = Release|Any CPU
	EndGlobalSection
EndGlobal
